
Microsoft Visual Studio Solution File, Format Version 12.00
# Visual Studio Version 16
VisualStudioVersion = 16.0.30621.155
MinimumVisualStudioVersion = 10.0.40219.1
Project("{9A19103F-16F7-4668-BE54-9A1E7A4F7556}") = "01. Messaging", "01. Messaging\01. Messaging.csproj", "{B676C24E-E807-43A6-BC62-E2C8A6FA717A}"
EndProject
Project("{9A19103F-16F7-4668-BE54-9A1E7A4F7556}") = "03. TakeOrSkipRope", "03. TakeOrSkipRope\03. TakeOrSkipRope.csproj", "{F316DF70-63FF-4743-BE08-5E0F5521F0A5}"
EndProject
Project("{9A19103F-16F7-4668-BE54-9A1E7A4F7556}") = "04. MixedUpLists", "04. MixedUpLists\04. MixedUpLists.csproj", "{7BE5481D-48AE-40ED-9483-654A6E335409}"
EndProject
Project("{9A19103F-16F7-4668-BE54-9A1E7A4F7556}") = "05. DrumSet", "05. DrumSet\05. DrumSet.csproj", "{8FC16DDD-735F-42D4-BA5D-44AC481AAC7D}"
EndProject
Project("{FAE04EC0-301F-11D3-BF4B-00C04F79EFBC}") = "02. CarRace", "02. CarRace\02. CarRace.csproj", "{C78018DC-3714-499E-8E52-5F8E7D91EE99}"
EndProject
Global
	GlobalSection(SolutionConfigurationPlatforms) = preSolution
		Debug|Any CPU = Debug|Any CPU
		Release|Any CPU = Release|Any CPU
	EndGlobalSection
	GlobalSection(ProjectConfigurationPlatforms) = postSolution
		{B676C24E-E807-43A6-BC62-E2C8A6FA717A}.Debug|Any CPU.ActiveCfg = Debug|Any CPU
		{B676C24E-E807-43A6-BC62-E2C8A6FA717A}.Debug|Any CPU.Build.0 = Debug|Any CPU
		{B676C24E-E807-43A6-BC62-E2C8A6FA717A}.Release|Any CPU.ActiveCfg = Release|Any CPU
		{B676C24E-E807-43A6-BC62-E2C8A6FA717A}.Release|Any CPU.Build.0 = Release|Any CPU
		{F316DF70-63FF-4743-BE08-5E0F5521F0A5}.Debug|Any CPU.ActiveCfg = Debug|Any CPU
		{F316DF70-63FF-4743-BE08-5E0F5521F0A5}.Debug|Any CPU.Build.0 = Debug|Any CPU
		{F316DF70-63FF-4743-BE08-5E0F5521F0A5}.Release|Any CPU.ActiveCfg = Release|Any CPU
		{F316DF70-63FF-4743-BE08-5E0F5521F0A5}.Release|Any CPU.Build.0 = Release|Any CPU
		{7BE5481D-48AE-40ED-9483-654A6E335409}.Debug|Any CPU.ActiveCfg = Debug|Any CPU
		{7BE5481D-48AE-40ED-9483-654A6E335409}.Debug|Any CPU.Build.0 = Debug|Any CPU
		{7BE5481D-48AE-40ED-9483-654A6E335409}.Release|Any CPU.ActiveCfg = Release|Any CPU
		{7BE5481D-48AE-40ED-9483-654A6E335409}.Release|Any CPU.Build.0 = Release|Any CPU
		{8FC16DDD-735F-42D4-BA5D-44AC481AAC7D}.Debug|Any CPU.ActiveCfg = Debug|Any CPU
		{8FC16DDD-735F-42D4-BA5D-44AC481AAC7D}.Debug|Any CPU.Build.0 = Debug|Any CPU
		{8FC16DDD-735F-42D4-BA5D-44AC481AAC7D}.Release|Any CPU.ActiveCfg = Release|Any CPU
		{8FC16DDD-735F-42D4-BA5D-44AC481AAC7D}.Release|Any CPU.Build.0 = Release|Any CPU
		{C78018DC-3714-499E-8E52-5F8E7D91EE99}.Debug|Any CPU.ActiveCfg = Debug|Any CPU
		{C78018DC-3714-499E-8E52-5F8E7D91EE99}.Debug|Any CPU.Build.0 = Debug|Any CPU
		{C78018DC-3714-499E-8E52-5F8E7D91EE99}.Release|Any CPU.ActiveCfg = Release|Any CPU
		{C78018DC-3714-499E-8E52-5F8E7D91EE99}.Release|Any CPU.Build.0 = Release|Any CPU
	EndGlobalSection
	GlobalSection(SolutionProperties) = preSolution
		HideSolutionNode = FALSE
	EndGlobalSection
	GlobalSection(ExtensibilityGlobals) = postSolution
		SolutionGuid = {E067DEE2-749D-40AB-9371-5B4E1D1C8B2A}
	EndGlobalSection
EndGlobal
