
Microsoft Visual Studio Solution File, Format Version 12.00
# Visual Studio Version 16
VisualStudioVersion = 16.0.30621.155
MinimumVisualStudioVersion = 10.0.40219.1
Project("{9A19103F-16F7-4668-BE54-9A1E7A4F7556}") = "01. ComputerStore", "01. ComputerStore\01. ComputerStore.csproj", "{F58CD120-59C4-4A27-B4FA-AD035E1D4647}"
EndProject
Project("{9A19103F-16F7-4668-BE54-9A1E7A4F7556}") = "02. TheLift", "02. TheLift\02. TheLift.csproj", "{D857306A-AF9A-4F74-B6BD-2B13337A937B}"
EndProject
Project("{FAE04EC0-301F-11D3-BF4B-00C04F79EFBC}") = "03. MemoryGame", "03. MemoryGame\03. MemoryGame.csproj", "{D151E5F6-64B8-4513-9E7E-90598AC89559}"
EndProject
Global
	GlobalSection(SolutionConfigurationPlatforms) = preSolution
		Debug|Any CPU = Debug|Any CPU
		Release|Any CPU = Release|Any CPU
	EndGlobalSection
	GlobalSection(ProjectConfigurationPlatforms) = postSolution
		{F58CD120-59C4-4A27-B4FA-AD035E1D4647}.Debug|Any CPU.ActiveCfg = Debug|Any CPU
		{F58CD120-59C4-4A27-B4FA-AD035E1D4647}.Debug|Any CPU.Build.0 = Debug|Any CPU
		{F58CD120-59C4-4A27-B4FA-AD035E1D4647}.Release|Any CPU.ActiveCfg = Release|Any CPU
		{F58CD120-59C4-4A27-B4FA-AD035E1D4647}.Release|Any CPU.Build.0 = Release|Any CPU
		{D857306A-AF9A-4F74-B6BD-2B13337A937B}.Debug|Any CPU.ActiveCfg = Debug|Any CPU
		{D857306A-AF9A-4F74-B6BD-2B13337A937B}.Debug|Any CPU.Build.0 = Debug|Any CPU
		{D857306A-AF9A-4F74-B6BD-2B13337A937B}.Release|Any CPU.ActiveCfg = Release|Any CPU
		{D857306A-AF9A-4F74-B6BD-2B13337A937B}.Release|Any CPU.Build.0 = Release|Any CPU
		{D151E5F6-64B8-4513-9E7E-90598AC89559}.Debug|Any CPU.ActiveCfg = Debug|Any CPU
		{D151E5F6-64B8-4513-9E7E-90598AC89559}.Debug|Any CPU.Build.0 = Debug|Any CPU
		{D151E5F6-64B8-4513-9E7E-90598AC89559}.Release|Any CPU.ActiveCfg = Release|Any CPU
		{D151E5F6-64B8-4513-9E7E-90598AC89559}.Release|Any CPU.Build.0 = Release|Any CPU
	EndGlobalSection
	GlobalSection(SolutionProperties) = preSolution
		HideSolutionNode = FALSE
	EndGlobalSection
	GlobalSection(ExtensibilityGlobals) = postSolution
		SolutionGuid = {24EE86D4-00F6-40F8-9B2B-DAA30DA53BDB}
	EndGlobalSection
EndGlobal
