
Microsoft Visual Studio Solution File, Format Version 12.00
# Visual Studio Version 16
VisualStudioVersion = 16.0.30621.155
MinimumVisualStudioVersion = 10.0.40219.1
Project("{FAE04EC0-301F-11D3-BF4B-00C04F79EFBC}") = "01.SoftUniReception", "01.SoftUniReception\01.SoftUniReception.csproj", "{92078C5A-AF66-4D76-9F68-015EDB7D60BA}"
EndProject
Project("{FAE04EC0-301F-11D3-BF4B-00C04F79EFBC}") = "02.ArrayModifier", "02.ArrayModifier\02.ArrayModifier.csproj", "{027AFED8-AFFC-424F-BF01-EACE42D9EDB7}"
EndProject
Project("{FAE04EC0-301F-11D3-BF4B-00C04F79EFBC}") = "03.Numbers", "03.Numbers\03.Numbers.csproj", "{3549CB12-E193-41E7-A82F-C75D6B5411E3}"
EndProject
Global
	GlobalSection(SolutionConfigurationPlatforms) = preSolution
		Debug|Any CPU = Debug|Any CPU
		Release|Any CPU = Release|Any CPU
	EndGlobalSection
	GlobalSection(ProjectConfigurationPlatforms) = postSolution
		{92078C5A-AF66-4D76-9F68-015EDB7D60BA}.Debug|Any CPU.ActiveCfg = Debug|Any CPU
		{92078C5A-AF66-4D76-9F68-015EDB7D60BA}.Debug|Any CPU.Build.0 = Debug|Any CPU
		{92078C5A-AF66-4D76-9F68-015EDB7D60BA}.Release|Any CPU.ActiveCfg = Release|Any CPU
		{92078C5A-AF66-4D76-9F68-015EDB7D60BA}.Release|Any CPU.Build.0 = Release|Any CPU
		{027AFED8-AFFC-424F-BF01-EACE42D9EDB7}.Debug|Any CPU.ActiveCfg = Debug|Any CPU
		{027AFED8-AFFC-424F-BF01-EACE42D9EDB7}.Debug|Any CPU.Build.0 = Debug|Any CPU
		{027AFED8-AFFC-424F-BF01-EACE42D9EDB7}.Release|Any CPU.ActiveCfg = Release|Any CPU
		{027AFED8-AFFC-424F-BF01-EACE42D9EDB7}.Release|Any CPU.Build.0 = Release|Any CPU
		{3549CB12-E193-41E7-A82F-C75D6B5411E3}.Debug|Any CPU.ActiveCfg = Debug|Any CPU
		{3549CB12-E193-41E7-A82F-C75D6B5411E3}.Debug|Any CPU.Build.0 = Debug|Any CPU
		{3549CB12-E193-41E7-A82F-C75D6B5411E3}.Release|Any CPU.ActiveCfg = Release|Any CPU
		{3549CB12-E193-41E7-A82F-C75D6B5411E3}.Release|Any CPU.Build.0 = Release|Any CPU
	EndGlobalSection
	GlobalSection(SolutionProperties) = preSolution
		HideSolutionNode = FALSE
	EndGlobalSection
	GlobalSection(ExtensibilityGlobals) = postSolution
		SolutionGuid = {7BE6BE57-DB50-4AB2-8B32-E2C1E23CF34F}
	EndGlobalSection
EndGlobal
