
Microsoft Visual Studio Solution File, Format Version 12.00
# Visual Studio Version 16
VisualStudioVersion = 16.0.30621.155
MinimumVisualStudioVersion = 10.0.40219.1
Project("{FAE04EC0-301F-11D3-BF4B-00C04F79EFBC}") = "01.NationalCourt", "01.NationalCourt\01.NationalCourt.csproj", "{797FEB54-50DB-4961-8C61-7FE688CD3DCB}"
EndProject
Project("{FAE04EC0-301F-11D3-BF4B-00C04F79EFBC}") = "02.ShoppingList", "02.ShoppingList\02.ShoppingList.csproj", "{942525B7-2C2E-4E4B-8C48-C35D64D5974E}"
EndProject
Project("{FAE04EC0-301F-11D3-BF4B-00C04F79EFBC}") = "03.HeartDelivery", "03.HeartDelivery\03.HeartDelivery.csproj", "{30BBA3F8-1121-47C9-81CA-DF52964A7D06}"
EndProject
Global
	GlobalSection(SolutionConfigurationPlatforms) = preSolution
		Debug|Any CPU = Debug|Any CPU
		Release|Any CPU = Release|Any CPU
	EndGlobalSection
	GlobalSection(ProjectConfigurationPlatforms) = postSolution
		{797FEB54-50DB-4961-8C61-7FE688CD3DCB}.Debug|Any CPU.ActiveCfg = Debug|Any CPU
		{797FEB54-50DB-4961-8C61-7FE688CD3DCB}.Debug|Any CPU.Build.0 = Debug|Any CPU
		{797FEB54-50DB-4961-8C61-7FE688CD3DCB}.Release|Any CPU.ActiveCfg = Release|Any CPU
		{797FEB54-50DB-4961-8C61-7FE688CD3DCB}.Release|Any CPU.Build.0 = Release|Any CPU
		{942525B7-2C2E-4E4B-8C48-C35D64D5974E}.Debug|Any CPU.ActiveCfg = Debug|Any CPU
		{942525B7-2C2E-4E4B-8C48-C35D64D5974E}.Debug|Any CPU.Build.0 = Debug|Any CPU
		{942525B7-2C2E-4E4B-8C48-C35D64D5974E}.Release|Any CPU.ActiveCfg = Release|Any CPU
		{942525B7-2C2E-4E4B-8C48-C35D64D5974E}.Release|Any CPU.Build.0 = Release|Any CPU
		{30BBA3F8-1121-47C9-81CA-DF52964A7D06}.Debug|Any CPU.ActiveCfg = Debug|Any CPU
		{30BBA3F8-1121-47C9-81CA-DF52964A7D06}.Debug|Any CPU.Build.0 = Debug|Any CPU
		{30BBA3F8-1121-47C9-81CA-DF52964A7D06}.Release|Any CPU.ActiveCfg = Release|Any CPU
		{30BBA3F8-1121-47C9-81CA-DF52964A7D06}.Release|Any CPU.Build.0 = Release|Any CPU
	EndGlobalSection
	GlobalSection(SolutionProperties) = preSolution
		HideSolutionNode = FALSE
	EndGlobalSection
	GlobalSection(ExtensibilityGlobals) = postSolution
		SolutionGuid = {9AB58AC4-386B-44E3-92B8-43E10C686DCD}
	EndGlobalSection
EndGlobal
